
Microsoft Visual Studio Solution File, Format Version 12.00
# Visual Studio Version 16
VisualStudioVersion = 16.0.30413.136
MinimumVisualStudioVersion = 10.0.40219.1
Project("{FAE04EC0-301F-11D3-BF4B-00C04F79EFBC}") = "ASM_WEB_APP", "ASM_WEB_APP.csproj", "{A1CDDCA4-6E3E-47DC-A01F-215A68D3B105}"
EndProject
Global
	GlobalSection(SolutionConfigurationPlatforms) = preSolution
		Debug|Any CPU = Debug|Any CPU
		Release|Any CPU = Release|Any CPU
	EndGlobalSection
	GlobalSection(ProjectConfigurationPlatforms) = postSolution
		{A1CDDCA4-6E3E-47DC-A01F-215A68D3B105}.Debug|Any CPU.ActiveCfg = Debug|Any CPU
		{A1CDDCA4-6E3E-47DC-A01F-215A68D3B105}.Debug|Any CPU.Build.0 = Debug|Any CPU
		{A1CDDCA4-6E3E-47DC-A01F-215A68D3B105}.Release|Any CPU.ActiveCfg = Release|Any CPU
		{A1CDDCA4-6E3E-47DC-A01F-215A68D3B105}.Release|Any CPU.Build.0 = Release|Any CPU
	EndGlobalSection
	GlobalSection(SolutionProperties) = preSolution
		HideSolutionNode = FALSE
	EndGlobalSection
	GlobalSection(ExtensibilityGlobals) = postSolution
		SolutionGuid = {02ABC190-1936-4B80-AC4E-58F538E6BEC9}
	EndGlobalSection
EndGlobal
